{
  "name": "htwfs",
  "version": "0.0.0",
  "lockfileVersion": 1,
  "requires": true,
  "dependencies": {
    "@babel/helper-validator-identifier": {
      "version": "7.14.9",
      "resolved": "https://registry.nlark.com/@babel/helper-validator-identifier/download/@babel/helper-validator-identifier-7.14.9.tgz?cache=0&sync_timestamp=1627804467099&other_urls=https%3A%2F%2Fregistry.nlark.com%2F%40babel%2Fhelper-validator-identifier%2Fdownload%2F%40babel%2Fhelper-validator-identifier-7.14.9.tgz",
      "integrity": "sha1-ZlTRcbICT22O4VG/JQlpmRkTHUg="
    },
    "@babel/parser": {
      "version": "7.15.3",
      "resolved": "https://registry.nlark.com/@babel/parser/download/@babel/parser-7.15.3.tgz",
      "integrity": "sha1-NBbZvqdIBSz8tj28wnNoEFse2GI="
    },
    "@babel/types": {
      "version": "7.15.0",
      "resolved": "https://registry.nlark.com/@babel/types/download/@babel/types-7.15.0.tgz",
      "integrity": "sha1-Ya8R8ihsTpxpyo3rX0N1pzxy3L0=",
      "requires": {
        "@babel/helper-validator-identifier": "^7.14.9",
        "to-fast-properties": "^2.0.0"
      }
    },
    "@element-plus/icons": {
      "version": "0.0.11",
      "resolved": "https://registry.nlark.com/@element-plus/icons/download/@element-plus/icons-0.0.11.tgz",
      "integrity": "sha1-mxh8ACd0VIuRGFDRf6X8L5pRX1c="
    },
    "@mapbox/jsonlint-lines-primitives": {
      "version": "2.0.2",
      "resolved": "https://registry.nlark.com/@mapbox/jsonlint-lines-primitives/download/@mapbox/jsonlint-lines-primitives-2.0.2.tgz",
      "integrity": "sha1-zlblOfg1UrWNENZy6k1vya3HsjQ="
    },
    "@mapbox/mapbox-gl-style-spec": {
      "version": "13.21.0",
      "resolved": "https://registry.nlark.com/@mapbox/mapbox-gl-style-spec/download/@mapbox/mapbox-gl-style-spec-13.21.0.tgz",
      "integrity": "sha1-q3E3KqPxRlQIaFSCRI6dIQmcLG8=",
      "requires": {
        "@mapbox/jsonlint-lines-primitives": "~2.0.2",
        "@mapbox/point-geometry": "^0.1.0",
        "@mapbox/unitbezier": "^0.0.0",
        "csscolorparser": "~1.0.2",
        "json-stringify-pretty-compact": "^2.0.0",
        "minimist": "^1.2.5",
        "rw": "^1.3.3",
        "sort-object": "^0.3.2"
      }
    },
    "@mapbox/point-geometry": {
      "version": "0.1.0",
      "resolved": "https://registry.nlark.com/@mapbox/point-geometry/download/@mapbox/point-geometry-0.1.0.tgz",
      "integrity": "sha1-ioP5M1x4YO/6Lu7KJUMyqgru2PI="
    },
    "@mapbox/unitbezier": {
      "version": "0.0.0",
      "resolved": "https://registry.nlark.com/@mapbox/unitbezier/download/@mapbox/unitbezier-0.0.0.tgz",
      "integrity": "sha1-FWUb1VOme4WB+zmIEMmK2Go0Uk4="
    },
    "@popperjs/core": {
      "version": "2.9.3",
      "resolved": "https://registry.nlark.com/@popperjs/core/download/@popperjs/core-2.9.3.tgz",
      "integrity": "sha1-i2jaHr1/xgOZnPbr7jSkiZoUuI4="
    },
    "@types/estree": {
      "version": "0.0.48",
      "resolved": "https://registry.nlark.com/@types/estree/download/@types/estree-0.0.48.tgz?cache=0&sync_timestamp=1629707592205&other_urls=https%3A%2F%2Fregistry.nlark.com%2F%40types%2Festree%2Fdownload%2F%40types%2Festree-0.0.48.tgz",
      "integrity": "sha1-GNyAkbKF35DbLyWqfZBs/DlLf3Q=",
      "dev": true
    },
    "@vitejs/plugin-vue": {
      "version": "1.6.0",
      "resolved": "https://registry.nlark.com/@vitejs/plugin-vue/download/@vitejs/plugin-vue-1.6.0.tgz",
      "integrity": "sha1-5VWOIMIOkJjNW9ZbmQH9zSw1SYM=",
      "dev": true
    },
    "@vue/compiler-core": {
      "version": "3.2.6",
      "resolved": "https://registry.nlark.com/@vue/compiler-core/download/@vue/compiler-core-3.2.6.tgz",
      "integrity": "sha1-cWK7BnAnPwRWavDTUwCRh6tXeRU=",
      "requires": {
        "@babel/parser": "^7.15.0",
        "@babel/types": "^7.15.0",
        "@vue/shared": "3.2.6",
        "estree-walker": "^2.0.2",
        "source-map": "^0.6.1"
      }
    },
    "@vue/compiler-dom": {
      "version": "3.2.6",
      "resolved": "https://registry.nlark.com/@vue/compiler-dom/download/@vue/compiler-dom-3.2.6.tgz",
      "integrity": "sha1-N2TX/hppbjn7KjydY42gdJ42my0=",
      "requires": {
        "@vue/compiler-core": "3.2.6",
        "@vue/shared": "3.2.6"
      }
    },
    "@vue/compiler-sfc": {
      "version": "3.2.6",
      "resolved": "https://registry.nlark.com/@vue/compiler-sfc/download/@vue/compiler-sfc-3.2.6.tgz",
      "integrity": "sha1-1qt0EM/1cIGrYnsVoepRoQcsfPE=",
      "dev": true,
      "requires": {
        "@babel/parser": "^7.15.0",
        "@babel/types": "^7.15.0",
        "@types/estree": "^0.0.48",
        "@vue/compiler-core": "3.2.6",
        "@vue/compiler-dom": "3.2.6",
        "@vue/compiler-ssr": "3.2.6",
        "@vue/ref-transform": "3.2.6",
        "@vue/shared": "3.2.6",
        "consolidate": "^0.16.0",
        "estree-walker": "^2.0.2",
        "hash-sum": "^2.0.0",
        "lru-cache": "^5.1.1",
        "magic-string": "^0.25.7",
        "merge-source-map": "^1.1.0",
        "postcss": "^8.1.10",
        "postcss-modules": "^4.0.0",
        "postcss-selector-parser": "^6.0.4",
        "source-map": "^0.6.1"
      }
    },
    "@vue/compiler-ssr": {
      "version": "3.2.6",
      "resolved": "https://registry.nlark.com/@vue/compiler-ssr/download/@vue/compiler-ssr-3.2.6.tgz",
      "integrity": "sha1-ytzxmYWfoAc59CdbTIWXDksKvn0=",
      "dev": true,
      "requires": {
        "@vue/compiler-dom": "3.2.6",
        "@vue/shared": "3.2.6"
      }
    },
    "@vue/devtools-api": {
      "version": "6.0.0-beta.15",
      "resolved": "https://registry.nlark.com/@vue/devtools-api/download/@vue/devtools-api-6.0.0-beta.15.tgz",
      "integrity": "sha1-rXyzhOBi8WW8+cg3MhJb/7wq2D0="
    },
    "@vue/reactivity": {
      "version": "3.2.6",
      "resolved": "https://registry.nlark.com/@vue/reactivity/download/@vue/reactivity-3.2.6.tgz",
      "integrity": "sha1-uJk/pvSFRReOWI4lqclDGhwbfVA=",
      "requires": {
        "@vue/shared": "3.2.6"
      }
    },
    "@vue/ref-transform": {
      "version": "3.2.6",
      "resolved": "https://registry.nlark.com/@vue/ref-transform/download/@vue/ref-transform-3.2.6.tgz",
      "integrity": "sha1-MLXx+nfa+YlLwj5qWg41hqSnlrg=",
      "dev": true,
      "requires": {
        "@babel/parser": "^7.15.0",
        "@vue/compiler-core": "3.2.6",
        "@vue/shared": "3.2.6",
        "estree-walker": "^2.0.2",
        "magic-string": "^0.25.7"
      }
    },
    "@vue/runtime-core": {
      "version": "3.2.6",
      "resolved": "https://registry.nlark.com/@vue/runtime-core/download/@vue/runtime-core-3.2.6.tgz",
      "integrity": "sha1-N2uu73/gKmI3fUbQ0KirlRDbHY4=",
      "requires": {
        "@vue/reactivity": "3.2.6",
        "@vue/shared": "3.2.6"
      }
    },
    "@vue/runtime-dom": {
      "version": "3.2.6",
      "resolved": "https://registry.nlark.com/@vue/runtime-dom/download/@vue/runtime-dom-3.2.6.tgz",
      "integrity": "sha1-D3TbyoTVbCIvv71TQVsmA4aFmjs=",
      "requires": {
        "@vue/runtime-core": "3.2.6",
        "@vue/shared": "3.2.6",
        "csstype": "^2.6.8"
      }
    },
    "@vue/shared": {
      "version": "3.2.6",
      "resolved": "https://registry.nlark.com/@vue/shared/download/@vue/shared-3.2.6.tgz",
      "integrity": "sha1-LCK66I/it7WfpoqcnEzWC64sF5Q="
    },
    "amfe-flexible": {
      "version": "2.2.1",
      "resolved": "https://registry.nlark.com/amfe-flexible/download/amfe-flexible-2.2.1.tgz",
      "integrity": "sha1-NT8AKJ5NOMqIoh6zhUQgMIrwtVk="
    },
    "animate.css": {
      "version": "4.1.1",
      "resolved": "https://registry.nlark.com/animate.css/download/animate.css-4.1.1.tgz",
      "integrity": "sha1-YU7FqBEx1+TcNipYFD90BqvWgHU="
    },
    "async-validator": {
      "version": "3.5.2",
      "resolved": "https://registry.nlark.com/async-validator/download/async-validator-3.5.2.tgz?cache=0&other_urls=https%3A%2F%2Fregistry.nlark.com%2Fasync-validator%2Fdownload%2Fasync-validator-3.5.2.tgz",
      "integrity": "sha1-aOhmqWgk6LJpT/eoMcGiXETV5QA="
    },
    "axios": {
      "version": "0.21.1",
      "resolved": "https://registry.npm.taobao.org/axios/download/axios-0.21.1.tgz",
      "integrity": "sha1-IlY0gZYvTWvemnbVFu8OXTwJsrg=",
      "requires": {
        "follow-redirects": "^1.10.0"
      }
    },
    "big.js": {
      "version": "5.2.2",
      "resolved": "https://registry.nlark.com/big.js/download/big.js-5.2.2.tgz",
      "integrity": "sha1-ZfCvOC9Xi83HQr2cKB6cstd2gyg=",
      "dev": true
    },
    "bluebird": {
      "version": "3.7.2",
      "resolved": "https://registry.npm.taobao.org/bluebird/download/bluebird-3.7.2.tgz",
      "integrity": "sha1-nyKcFb4nJFT/qXOs4NvueaGww28=",
      "dev": true
    },
    "colorette": {
      "version": "1.3.0",
      "resolved": "https://registry.nlark.com/colorette/download/colorette-1.3.0.tgz",
      "integrity": "sha1-/0XS8O2yRAadO3cq3rBP7TjQoK8=",
      "dev": true
    },
    "consolidate": {
      "version": "0.16.0",
      "resolved": "https://registry.npm.taobao.org/consolidate/download/consolidate-0.16.0.tgz",
      "integrity": "sha1-oRhkdokw8vGUMWYKZZBmaPX73BY=",
      "dev": true,
      "requires": {
        "bluebird": "^3.7.2"
      }
    },
    "copy-anything": {
      "version": "2.0.3",
      "resolved": "https://registry.nlark.com/copy-anything/download/copy-anything-2.0.3.tgz",
      "integrity": "sha1-hCQHugJGaw34RIGbvjuuu+XUXYc=",
      "requires": {
        "is-what": "^3.12.0"
      }
    },
    "csscolorparser": {
      "version": "1.0.3",
      "resolved": "https://registry.nlark.com/csscolorparser/download/csscolorparser-1.0.3.tgz",
      "integrity": "sha1-s085HupNqPPpgjHizNjfnAQfFxs="
    },
    "cssesc": {
      "version": "3.0.0",
      "resolved": "https://registry.npm.taobao.org/cssesc/download/cssesc-3.0.0.tgz",
      "integrity": "sha1-N3QZGZA7hoVl4cCep0dEXNGJg+4=",
      "dev": true
    },
    "csstype": {
      "version": "2.6.17",
      "resolved": "https://registry.nlark.com/csstype/download/csstype-2.6.17.tgz?cache=0&sync_timestamp=1618818466657&other_urls=https%3A%2F%2Fregistry.nlark.com%2Fcsstype%2Fdownload%2Fcsstype-2.6.17.tgz",
      "integrity": "sha1-TPMOuH4dGgBdi2UQ+VKSQT9qHA4="
    },
    "dayjs": {
      "version": "1.10.6",
      "resolved": "https://registry.nlark.com/dayjs/download/dayjs-1.10.6.tgz?cache=0&sync_timestamp=1625558021596&other_urls=https%3A%2F%2Fregistry.nlark.com%2Fdayjs%2Fdownload%2Fdayjs-1.10.6.tgz",
      "integrity": "sha1-KIsqqC8thBimydTfWJjAc3rQKmM="
    },
    "debug": {
      "version": "3.2.7",
      "resolved": "https://registry.nlark.com/debug/download/debug-3.2.7.tgz?cache=0&other_urls=https%3A%2F%2Fregistry.nlark.com%2Fdebug%2Fdownload%2Fdebug-3.2.7.tgz",
      "integrity": "sha1-clgLfpFF+zm2Z2+cXl+xALk0F5o=",
      "optional": true,
      "requires": {
        "ms": "^2.1.1"
      }
    },
    "echarts": {
      "version": "5.1.2",
      "resolved": "https://registry.nlark.com/echarts/download/echarts-5.1.2.tgz",
      "integrity": "sha1-qhqwzvW3T6L3xiAmGl8oaJPTD9E=",
      "requires": {
        "tslib": "2.0.3",
        "zrender": "5.1.1"
      }
    },
    "element-plus": {
      "version": "1.1.0-beta.4",
      "resolved": "https://registry.nlark.com/element-plus/download/element-plus-1.1.0-beta.4.tgz?cache=0&sync_timestamp=1629863748015&other_urls=https%3A%2F%2Fregistry.nlark.com%2Felement-plus%2Fdownload%2Felement-plus-1.1.0-beta.4.tgz",
      "integrity": "sha1-yCr7c61eNfwO6ZJ0eDwbvP2Ek/E=",
      "requires": {
        "@element-plus/icons": "^0.0.11",
        "@popperjs/core": "^2.4.4",
        "async-validator": "^3.4.0",
        "dayjs": "1.x",
        "lodash": "^4.17.20",
        "mitt": "^2.1.0",
        "normalize-wheel": "^1.0.1",
        "resize-observer-polyfill": "^1.5.1"
      }
    },
    "emojis-list": {
      "version": "3.0.0",
      "resolved": "https://registry.npm.taobao.org/emojis-list/download/emojis-list-3.0.0.tgz",
      "integrity": "sha1-VXBmIEatKeLpFucariYKvf9Pang=",
      "dev": true
    },
    "errno": {
      "version": "0.1.8",
      "resolved": "https://registry.npm.taobao.org/errno/download/errno-0.1.8.tgz",
      "integrity": "sha1-i7Ppx9Rjvkl2/4iPdrSAnrwugR8=",
      "optional": true,
      "requires": {
        "prr": "~1.0.1"
      }
    },
    "esbuild": {
      "version": "0.12.22",
      "resolved": "https://registry.nlark.com/esbuild/download/esbuild-0.12.22.tgz?cache=0&sync_timestamp=1629513643155&other_urls=https%3A%2F%2Fregistry.nlark.com%2Fesbuild%2Fdownload%2Fesbuild-0.12.22.tgz",
      "integrity": "sha1-YDGhJXuNAwfTBr7Wc7ecNmhgf1E=",
      "dev": true
    },
    "estree-walker": {
      "version": "2.0.2",
      "resolved": "https://registry.npm.taobao.org/estree-walker/download/estree-walker-2.0.2.tgz",
      "integrity": "sha1-UvAQF4wqTBF6d1fP6UKtt9LaTKw="
    },
    "follow-redirects": {
      "version": "1.14.2",
      "resolved": "https://registry.nlark.com/follow-redirects/download/follow-redirects-1.14.2.tgz?cache=0&other_urls=https%3A%2F%2Fregistry.nlark.com%2Ffollow-redirects%2Fdownload%2Ffollow-redirects-1.14.2.tgz",
      "integrity": "sha1-zsuCUEfAD15msUL5D+1PUV3seJs="
    },
    "fsevents": {
      "version": "2.3.2",
      "resolved": "https://registry.nlark.com/fsevents/download/fsevents-2.3.2.tgz",
      "integrity": "sha1-ilJveLj99GI7cJ4Ll1xSwkwC/Ro=",
      "dev": true,
      "optional": true
    },
    "function-bind": {
      "version": "1.1.1",
      "resolved": "https://registry.nlark.com/function-bind/download/function-bind-1.1.1.tgz",
      "integrity": "sha1-pWiZ0+o8m6uHS7l3O3xe3pL0iV0=",
      "dev": true
    },
    "generic-names": {
      "version": "2.0.1",
      "resolved": "https://registry.nlark.com/generic-names/download/generic-names-2.0.1.tgz",
      "integrity": "sha1-+KN46tLMqno08DF7BVVIMq5BuHI=",
      "dev": true,
      "requires": {
        "loader-utils": "^1.1.0"
      }
    },
    "graceful-fs": {
      "version": "4.2.8",
      "resolved": "https://registry.nlark.com/graceful-fs/download/graceful-fs-4.2.8.tgz",
      "integrity": "sha1-5BK40z9eAGWTy9PO5t+fLOu+gCo=",
      "optional": true
    },
    "has": {
      "version": "1.0.3",
      "resolved": "https://registry.nlark.com/has/download/has-1.0.3.tgz",
      "integrity": "sha1-ci18v8H2qoJB8W3YFOAR4fQeh5Y=",
      "dev": true,
      "requires": {
        "function-bind": "^1.1.1"
      }
    },
    "hash-sum": {
      "version": "2.0.0",
      "resolved": "https://registry.nlark.com/hash-sum/download/hash-sum-2.0.0.tgz",
      "integrity": "sha1-gdAbtd6OpKIUrV1urRtSNGCwtFo=",
      "dev": true
    },
    "iconv-lite": {
      "version": "0.4.24",
      "resolved": "https://registry.nlark.com/iconv-lite/download/iconv-lite-0.4.24.tgz?cache=0&sync_timestamp=1621826522823&other_urls=https%3A%2F%2Fregistry.nlark.com%2Ficonv-lite%2Fdownload%2Ficonv-lite-0.4.24.tgz",
      "integrity": "sha1-ICK0sl+93CHS9SSXSkdKr+czkIs=",
      "optional": true,
      "requires": {
        "safer-buffer": ">= 2.1.2 < 3"
      }
    },
    "icss-replace-symbols": {
      "version": "1.1.0",
      "resolved": "https://registry.npm.taobao.org/icss-replace-symbols/download/icss-replace-symbols-1.1.0.tgz",
      "integrity": "sha1-Bupvg2ead0njhs/h/oEq5dsiPe0=",
      "dev": true
    },
    "icss-utils": {
      "version": "5.1.0",
      "resolved": "https://registry.npm.taobao.org/icss-utils/download/icss-utils-5.1.0.tgz",
      "integrity": "sha1-xr5oWKvQE9do6YNmrkfiXViHsa4=",
      "dev": true
    },
    "ieee754": {
      "version": "1.2.1",
      "resolved": "https://registry.npm.taobao.org/ieee754/download/ieee754-1.2.1.tgz?cache=0&sync_timestamp=1612475403340&other_urls=https%3A%2F%2Fregistry.npm.taobao.org%2Fieee754%2Fdownload%2Fieee754-1.2.1.tgz",
      "integrity": "sha1-jrehCmP/8l0VpXsAFYbRd9Gw01I="
    },
    "image-size": {
      "version": "0.5.5",
      "resolved": "https://registry.npm.taobao.org/image-size/download/image-size-0.5.5.tgz?cache=0&sync_timestamp=1618423251735&other_urls=https%3A%2F%2Fregistry.npm.taobao.org%2Fimage-size%2Fdownload%2Fimage-size-0.5.5.tgz",
      "integrity": "sha1-Cd/Uq50g4p6xw+gLiZA3jfnjy5w=",
      "optional": true
    },
    "is-core-module": {
      "version": "2.6.0",
      "resolved": "https://registry.nlark.com/is-core-module/download/is-core-module-2.6.0.tgz?cache=0&sync_timestamp=1629225617085&other_urls=https%3A%2F%2Fregistry.nlark.com%2Fis-core-module%2Fdownload%2Fis-core-module-2.6.0.tgz",
      "integrity": "sha1-11U7JSb+Wbkro+QMjfdX7Ipwnhk=",
      "dev": true,
      "requires": {
        "has": "^1.0.3"
      }
    },
    "is-what": {
      "version": "3.14.1",
      "resolved": "https://registry.npm.taobao.org/is-what/download/is-what-3.14.1.tgz",
      "integrity": "sha1-4SIvRt3ahd6tD9HJ3xMXYOd3VcE="
    },
    "json-stringify-pretty-compact": {
      "version": "2.0.0",
      "resolved": "https://registry.nlark.com/json-stringify-pretty-compact/download/json-stringify-pretty-compact-2.0.0.tgz",
      "integrity": "sha1-53xBn1L/AMRaMfB/TIIMJDMUOIU="
    },
    "json5": {
      "version": "1.0.1",
      "resolved": "https://registry.nlark.com/json5/download/json5-1.0.1.tgz",
      "integrity": "sha1-d5+wAYYE+oVOrL9iUhgNg1Q+Pb4=",
      "dev": true,
      "requires": {
        "minimist": "^1.2.0"
      }
    },
    "less": {
      "version": "4.1.1",
      "resolved": "https://registry.nlark.com/less/download/less-4.1.1.tgz",
      "integrity": "sha1-Fb8lOpk5eR3GkIiMP/Qk8+bH7bo=",
      "requires": {
        "copy-anything": "^2.0.1",
        "errno": "^0.1.1",
        "graceful-fs": "^4.1.2",
        "image-size": "~0.5.0",
        "make-dir": "^2.1.0",
        "mime": "^1.4.1",
        "needle": "^2.5.2",
        "parse-node-version": "^1.0.1",
        "source-map": "~0.6.0",
        "tslib": "^1.10.0"
      },
      "dependencies": {
        "tslib": {
          "version": "1.14.1",
          "resolved": "https://registry.nlark.com/tslib/download/tslib-1.14.1.tgz",
          "integrity": "sha1-zy04vcNKE0vK8QkcQfZhni9nLQA="
        }
      }
    },
    "loader-utils": {
      "version": "1.4.0",
      "resolved": "https://registry.npm.taobao.org/loader-utils/download/loader-utils-1.4.0.tgz",
      "integrity": "sha1-xXm140yzSxp07cbB+za/o3HVphM=",
      "dev": true,
      "requires": {
        "big.js": "^5.2.2",
        "emojis-list": "^3.0.0",
        "json5": "^1.0.1"
      }
    },
    "lodash": {
      "version": "4.17.21",
      "resolved": "https://registry.nlark.com/lodash/download/lodash-4.17.21.tgz?cache=0&sync_timestamp=1618910518249&other_urls=https%3A%2F%2Fregistry.nlark.com%2Flodash%2Fdownload%2Flodash-4.17.21.tgz",
      "integrity": "sha1-Z5WRxWTDv/quhFTPCz3zcMPWkRw="
    },
    "lodash.camelcase": {
      "version": "4.3.0",
      "resolved": "https://registry.npm.taobao.org/lodash.camelcase/download/lodash.camelcase-4.3.0.tgz",
      "integrity": "sha1-soqmKIorn8ZRA1x3EfZathkDMaY=",
      "dev": true
    },
    "lru-cache": {
      "version": "5.1.1",
      "resolved": "https://registry.npm.taobao.org/lru-cache/download/lru-cache-5.1.1.tgz",
      "integrity": "sha1-HaJ+ZxAnGUdpXa9oSOhH8B2EuSA=",
      "dev": true,
      "requires": {
        "yallist": "^3.0.2"
      }
    },
    "magic-string": {
      "version": "0.25.7",
      "resolved": "https://registry.nlark.com/magic-string/download/magic-string-0.25.7.tgz",
      "integrity": "sha1-P0l9b9NMZpxnmNy4IfLvMfVEUFE=",
      "dev": true,
      "requires": {
        "sourcemap-codec": "^1.4.4"
      }
    },
    "make-dir": {
      "version": "2.1.0",
      "resolved": "https://registry.npm.taobao.org/make-dir/download/make-dir-2.1.0.tgz",
      "integrity": "sha1-XwMQ4YuL6JjMBwCSlaMK5B6R5vU=",
      "optional": true,
      "requires": {
        "pify": "^4.0.1",
        "semver": "^5.6.0"
      }
    },
    "mapbox-to-css-font": {
      "version": "2.4.0",
      "resolved": "https://registry.nlark.com/mapbox-to-css-font/download/mapbox-to-css-font-2.4.0.tgz",
      "integrity": "sha1-ojtRZkoe6Dm+rvreAT8mVb7po5A="
    },
    "merge-source-map": {
      "version": "1.1.0",
      "resolved": "https://registry.npm.taobao.org/merge-source-map/download/merge-source-map-1.1.0.tgz",
      "integrity": "sha1-L93n5gIJOfcJBqaPLXrmheTIxkY=",
      "dev": true,
      "requires": {
        "source-map": "^0.6.1"
      }
    },
    "mime": {
      "version": "1.6.0",
      "resolved": "https://registry.npm.taobao.org/mime/download/mime-1.6.0.tgz?cache=0&sync_timestamp=1613584832862&other_urls=https%3A%2F%2Fregistry.npm.taobao.org%2Fmime%2Fdownload%2Fmime-1.6.0.tgz",
      "integrity": "sha1-Ms2eXGRVO9WNGaVor0Uqz/BJgbE=",
      "optional": true
    },
    "minimist": {
      "version": "1.2.5",
      "resolved": "https://registry.nlark.com/minimist/download/minimist-1.2.5.tgz",
      "integrity": "sha1-Z9ZgFLZqaoqqDAg8X9WN9OTpdgI="
    },
    "mitt": {
      "version": "2.1.0",
      "resolved": "https://registry.nlark.com/mitt/download/mitt-2.1.0.tgz",
      "integrity": "sha1-90BXfCMXbGIFsSGylzUU6t4bIjA="
    },
    "moment": {
      "version": "2.29.1",
      "resolved": "https://registry.npm.taobao.org/moment/download/moment-2.29.1.tgz",
      "integrity": "sha1-sr52n6MZQL6e7qZGnAdeNQBvo9M="
    },
    "ms": {
      "version": "2.1.3",
      "resolved": "https://registry.nlark.com/ms/download/ms-2.1.3.tgz?cache=0&sync_timestamp=1629910700444&other_urls=https%3A%2F%2Fregistry.nlark.com%2Fms%2Fdownload%2Fms-2.1.3.tgz",
      "integrity": "sha1-V0yBOM4dK1hh8LRFedut1gxmFbI=",
      "optional": true
    },
    "nanoid": {
      "version": "3.1.25",
      "resolved": "https://registry.nlark.com/nanoid/download/nanoid-3.1.25.tgz?cache=0&sync_timestamp=1628771965808&other_urls=https%3A%2F%2Fregistry.nlark.com%2Fnanoid%2Fdownload%2Fnanoid-3.1.25.tgz",
      "integrity": "sha1-CcoydHwOVD8OGBS303k0d/nI4VI=",
      "dev": true
    },
    "needle": {
      "version": "2.9.0",
      "resolved": "https://registry.nlark.com/needle/download/needle-2.9.0.tgz",
      "integrity": "sha1-xoDkAfmbbD2NHzFXVgUu3z3Dvf8=",
      "optional": true,
      "requires": {
        "debug": "^3.2.6",
        "iconv-lite": "^0.4.4",
        "sax": "^1.2.4"
      }
    },
    "normalize-wheel": {
      "version": "1.0.1",
      "resolved": "https://registry.nlark.com/normalize-wheel/download/normalize-wheel-1.0.1.tgz",
      "integrity": "sha1-rsiGr/2wRQcNhWRH32Ls+GFG7EU="
    },
    "normalize.css": {
      "version": "8.0.1",
      "resolved": "https://registry.npm.taobao.org/normalize.css/download/normalize.css-8.0.1.tgz",
      "integrity": "sha1-m5iiCHOLnMJjTKrLxC0THJdIe/M="
    },
    "ol": {
      "version": "6.6.1",
      "resolved": "https://registry.nlark.com/ol/download/ol-6.6.1.tgz",
      "integrity": "sha1-66OyvVwvbU8k9N3LcTUjvToTI08=",
      "requires": {
        "ol-mapbox-style": "^6.4.1",
        "pbf": "3.2.1",
        "rbush": "^3.0.1"
      }
    },
    "ol-mapbox-style": {
      "version": "6.4.1",
      "resolved": "https://registry.nlark.com/ol-mapbox-style/download/ol-mapbox-style-6.4.1.tgz",
      "integrity": "sha1-PA3WdEMGcNAPqY+aKRAm4X+kdmQ=",
      "requires": {
        "@mapbox/mapbox-gl-style-spec": "^13.20.1",
        "mapbox-to-css-font": "^2.4.0",
        "webfont-matcher": "^1.1.0"
      }
    },
    "parse-node-version": {
      "version": "1.0.1",
      "resolved": "https://registry.nlark.com/parse-node-version/download/parse-node-version-1.0.1.tgz",
      "integrity": "sha1-4rXb7eAOf6m8NjYH9TMn6LBzGJs="
    },
    "path-parse": {
      "version": "1.0.7",
      "resolved": "https://registry.nlark.com/path-parse/download/path-parse-1.0.7.tgz?cache=0&sync_timestamp=1621947812221&other_urls=https%3A%2F%2Fregistry.nlark.com%2Fpath-parse%2Fdownload%2Fpath-parse-1.0.7.tgz",
      "integrity": "sha1-+8EUtgykKzDZ2vWFjkvWi77bZzU=",
      "dev": true
    },
    "pbf": {
      "version": "3.2.1",
      "resolved": "https://registry.nlark.com/pbf/download/pbf-3.2.1.tgz",
      "integrity": "sha1-tMG55yr5Zs2CxlMWkRFcwECf/io=",
      "requires": {
        "ieee754": "^1.1.12",
        "resolve-protobuf-schema": "^2.1.0"
      }
    },
    "pify": {
      "version": "4.0.1",
      "resolved": "https://registry.npm.taobao.org/pify/download/pify-4.0.1.tgz?cache=0&sync_timestamp=1599533339404&other_urls=https%3A%2F%2Fregistry.npm.taobao.org%2Fpify%2Fdownload%2Fpify-4.0.1.tgz",
      "integrity": "sha1-SyzSXFDVmHNcUCkiJP2MbfQeMjE=",
      "optional": true
    },
    "postcss": {
      "version": "8.3.6",
      "resolved": "https://registry.nlark.com/postcss/download/postcss-8.3.6.tgz?cache=0&sync_timestamp=1626883239868&other_urls=https%3A%2F%2Fregistry.nlark.com%2Fpostcss%2Fdownload%2Fpostcss-8.3.6.tgz",
      "integrity": "sha1-JzDddql5afN/U7mmCWGXvjEcxOo=",
      "dev": true,
      "requires": {
        "colorette": "^1.2.2",
        "nanoid": "^3.1.23",
        "source-map-js": "^0.6.2"
      }
    },
    "postcss-modules": {
      "version": "4.2.2",
      "resolved": "https://registry.nlark.com/postcss-modules/download/postcss-modules-4.2.2.tgz",
      "integrity": "sha1-Xnd3xaiWTqF2kZ2QsuVO+JEyHOU=",
      "dev": true,
      "requires": {
        "generic-names": "^2.0.1",
        "icss-replace-symbols": "^1.1.0",
        "lodash.camelcase": "^4.3.0",
        "postcss-modules-extract-imports": "^3.0.0",
        "postcss-modules-local-by-default": "^4.0.0",
        "postcss-modules-scope": "^3.0.0",
        "postcss-modules-values": "^4.0.0",
        "string-hash": "^1.1.1"
      }
    },
    "postcss-modules-extract-imports": {
      "version": "3.0.0",
      "resolved": "https://registry.npm.taobao.org/postcss-modules-extract-imports/download/postcss-modules-extract-imports-3.0.0.tgz",
      "integrity": "sha1-zaHwR8CugMl9vijD52pDuIAldB0=",
      "dev": true
    },
    "postcss-modules-local-by-default": {
      "version": "4.0.0",
      "resolved": "https://registry.nlark.com/postcss-modules-local-by-default/download/postcss-modules-local-by-default-4.0.0.tgz",
      "integrity": "sha1-67tU+uFZjuz99pGgKz/zs5ClpRw=",
      "dev": true,
      "requires": {
        "icss-utils": "^5.0.0",
        "postcss-selector-parser": "^6.0.2",
        "postcss-value-parser": "^4.1.0"
      }
    },
    "postcss-modules-scope": {
      "version": "3.0.0",
      "resolved": "https://registry.npm.taobao.org/postcss-modules-scope/download/postcss-modules-scope-3.0.0.tgz",
      "integrity": "sha1-nvMVFFbTu/oSDKRImN/Kby+gHwY=",
      "dev": true,
      "requires": {
        "postcss-selector-parser": "^6.0.4"
      }
    },
    "postcss-modules-values": {
      "version": "4.0.0",
      "resolved": "https://registry.nlark.com/postcss-modules-values/download/postcss-modules-values-4.0.0.tgz",
      "integrity": "sha1-18Xn5ow7s8myfL9Iyguz/7RgLJw=",
      "dev": true,
      "requires": {
        "icss-utils": "^5.0.0"
      }
    },
    "postcss-selector-parser": {
      "version": "6.0.6",
      "resolved": "https://registry.nlark.com/postcss-selector-parser/download/postcss-selector-parser-6.0.6.tgz?cache=0&sync_timestamp=1620753051451&other_urls=https%3A%2F%2Fregistry.nlark.com%2Fpostcss-selector-parser%2Fdownload%2Fpostcss-selector-parser-6.0.6.tgz",
      "integrity": "sha1-LFu6gXSsL2mBq2MaQqsO5UrzMuo=",
      "dev": true,
      "requires": {
        "cssesc": "^3.0.0",
        "util-deprecate": "^1.0.2"
      }
    },
    "postcss-value-parser": {
      "version": "4.1.0",
      "resolved": "https://registry.nlark.com/postcss-value-parser/download/postcss-value-parser-4.1.0.tgz?cache=0&sync_timestamp=1618846900347&other_urls=https%3A%2F%2Fregistry.nlark.com%2Fpostcss-value-parser%2Fdownload%2Fpostcss-value-parser-4.1.0.tgz",
      "integrity": "sha1-RD9qIM7WSBor2k+oUypuVdeJoss=",
      "dev": true
    },
    "protocol-buffers-schema": {
      "version": "3.5.2",
      "resolved": "https://registry.nlark.com/protocol-buffers-schema/download/protocol-buffers-schema-3.5.2.tgz",
      "integrity": "sha1-OK01unaGB6XtI3X420wuzF6ik8g="
    },
    "prr": {
      "version": "1.0.1",
      "resolved": "https://registry.npm.taobao.org/prr/download/prr-1.0.1.tgz",
      "integrity": "sha1-0/wRS6BplaRexok/SEzrHXj19HY=",
      "optional": true
    },
    "quickselect": {
      "version": "2.0.0",
      "resolved": "https://registry.nlark.com/quickselect/download/quickselect-2.0.0.tgz",
      "integrity": "sha1-8ZaApIal7vtYEwPgI+mPqvJd0Bg="
    },
    "rbush": {
      "version": "3.0.1",
      "resolved": "https://registry.nlark.com/rbush/download/rbush-3.0.1.tgz",
      "integrity": "sha1-X6+op5s7mv3+UAhAOnIMwd6ILs8=",
      "requires": {
        "quickselect": "^2.0.0"
      }
    },
    "resize-observer-polyfill": {
      "version": "1.5.1",
      "resolved": "https://registry.npm.taobao.org/resize-observer-polyfill/download/resize-observer-polyfill-1.5.1.tgz",
      "integrity": "sha1-DpAg3T0hAkRY1OvSfiPkAmmBBGQ="
    },
    "resolve": {
      "version": "1.20.0",
      "resolved": "https://registry.nlark.com/resolve/download/resolve-1.20.0.tgz",
      "integrity": "sha1-YpoBP7P3B1XW8LeTXMHCxTeLGXU=",
      "dev": true,
      "requires": {
        "is-core-module": "^2.2.0",
        "path-parse": "^1.0.6"
      }
    },
    "resolve-protobuf-schema": {
      "version": "2.1.0",
      "resolved": "https://registry.nlark.com/resolve-protobuf-schema/download/resolve-protobuf-schema-2.1.0.tgz",
      "integrity": "sha1-nKmp5pzxkrva8QBuwZc5SKpKN1g=",
      "requires": {
        "protocol-buffers-schema": "^3.3.1"
      }
    },
    "rollup": {
      "version": "2.56.3",
      "resolved": "https://registry.nlark.com/rollup/download/rollup-2.56.3.tgz",
      "integrity": "sha1-tj7a3ZhRsNYYptDmr4IBlVp3rv8=",
      "dev": true,
      "requires": {
        "fsevents": "~2.3.2"
      }
    },
    "rw": {
      "version": "1.3.3",
      "resolved": "https://registry.nlark.com/rw/download/rw-1.3.3.tgz",
      "integrity": "sha1-P4Yt+pGrdmsUiF700BEkv9oHT7Q="
    },
    "safer-buffer": {
      "version": "2.1.2",
      "resolved": "https://registry.npm.taobao.org/safer-buffer/download/safer-buffer-2.1.2.tgz",
      "integrity": "sha1-RPoWGwGHuVSd2Eu5GAL5vYOFzWo=",
      "optional": true
    },
    "sax": {
      "version": "1.2.4",
      "resolved": "https://registry.nlark.com/sax/download/sax-1.2.4.tgz",
      "integrity": "sha1-KBYjTiN4vdxOU1T6tcqold9xANk=",
      "optional": true
    },
    "semver": {
      "version": "5.7.1",
      "resolved": "https://registry.npm.taobao.org/semver/download/semver-5.7.1.tgz",
      "integrity": "sha1-qVT5Ma66UI0we78Gnv8MAclhFvc=",
      "optional": true
    },
    "sort-asc": {
      "version": "0.1.0",
      "resolved": "https://registry.nlark.com/sort-asc/download/sort-asc-0.1.0.tgz",
      "integrity": "sha1-q3md9h/HPqCVbHnEtTHtHp53J+k="
    },
    "sort-desc": {
      "version": "0.1.1",
      "resolved": "https://registry.nlark.com/sort-desc/download/sort-desc-0.1.1.tgz",
      "integrity": "sha1-GYuMDN6wlcRjNBhh45JdTuNZqe4="
    },
    "sort-object": {
      "version": "0.3.2",
      "resolved": "https://registry.nlark.com/sort-object/download/sort-object-0.3.2.tgz",
      "integrity": "sha1-mODRme3kDgfGGoRAPGHWw7KQ+eI=",
      "requires": {
        "sort-asc": "^0.1.0",
        "sort-desc": "^0.1.1"
      }
    },
    "source-map": {
      "version": "0.6.1",
      "resolved": "https://registry.nlark.com/source-map/download/source-map-0.6.1.tgz",
      "integrity": "sha1-dHIq8y6WFOnCh6jQu95IteLxomM="
    },
    "source-map-js": {
      "version": "0.6.2",
      "resolved": "https://registry.nlark.com/source-map-js/download/source-map-js-0.6.2.tgz",
      "integrity": "sha1-C7XeYxtBz72mz7qL0FqA79/SOF4=",
      "dev": true
    },
    "sourcemap-codec": {
      "version": "1.4.8",
      "resolved": "https://registry.npm.taobao.org/sourcemap-codec/download/sourcemap-codec-1.4.8.tgz",
      "integrity": "sha1-6oBL2UhXQC5pktBaOO8a41qatMQ=",
      "dev": true
    },
    "string-hash": {
      "version": "1.1.3",
      "resolved": "https://registry.nlark.com/string-hash/download/string-hash-1.1.3.tgz",
      "integrity": "sha1-6Kr8CsGFW0Zmkp7X3RJ1311sgRs=",
      "dev": true
    },
    "to-fast-properties": {
      "version": "2.0.0",
      "resolved": "https://registry.nlark.com/to-fast-properties/download/to-fast-properties-2.0.0.tgz",
      "integrity": "sha1-3F5pjL0HkmW8c+A3doGk5Og/YW4="
    },
    "tslib": {
      "version": "2.0.3",
      "resolved": "https://registry.nlark.com/tslib/download/tslib-2.0.3.tgz",
      "integrity": "sha1-jgdBrEX8DCJuWKF7/D5kubxsphw="
    },
    "util-deprecate": {
      "version": "1.0.2",
      "resolved": "https://registry.npm.taobao.org/util-deprecate/download/util-deprecate-1.0.2.tgz",
      "integrity": "sha1-RQ1Nyfpw3nMnYvvS1KKJgUGaDM8=",
      "dev": true
    },
    "vite": {
      "version": "2.5.1",
      "resolved": "https://registry.nlark.com/vite/download/vite-2.5.1.tgz",
      "integrity": "sha1-lTxxoDTAezrgRI1XZk7JxoYvI6g=",
      "dev": true,
      "requires": {
        "esbuild": "^0.12.17",
        "fsevents": "~2.3.2",
        "postcss": "^8.3.6",
        "resolve": "^1.20.0",
        "rollup": "^2.38.5"
      }
    },
    "vue": {
      "version": "3.2.6",
      "resolved": "https://registry.nlark.com/vue/download/vue-3.2.6.tgz?cache=0&sync_timestamp=1629824329529&other_urls=https%3A%2F%2Fregistry.nlark.com%2Fvue%2Fdownload%2Fvue-3.2.6.tgz",
      "integrity": "sha1-xxRFB4dR9Fhkj9j7Oi2pdVB9A9I=",
      "requires": {
        "@vue/compiler-dom": "3.2.6",
        "@vue/runtime-dom": "3.2.6",
        "@vue/shared": "3.2.6"
      }
    },
    "vue-router": {
      "version": "4.0.11",
      "resolved": "https://registry.nlark.com/vue-router/download/vue-router-4.0.11.tgz?cache=0&sync_timestamp=1628495675831&other_urls=https%3A%2F%2Fregistry.nlark.com%2Fvue-router%2Fdownload%2Fvue-router-4.0.11.tgz",
      "integrity": "sha1-zWSaCUHGNSgXY6IJZbWZZD3caO0=",
      "requires": {
        "@vue/devtools-api": "^6.0.0-beta.14"
      }
    },
    "vuex": {
      "version": "4.0.2",
      "resolved": "https://registry.nlark.com/vuex/download/vuex-4.0.2.tgz",
      "integrity": "sha1-+Jbb1b8qDpY/AMZ+m2EN50nMrMk=",
      "requires": {
        "@vue/devtools-api": "^6.0.0-beta.11"
      }
    },
    "webfont-matcher": {
      "version": "1.1.0",
      "resolved": "https://registry.nlark.com/webfont-matcher/download/webfont-matcher-1.1.0.tgz",
      "integrity": "sha1-mM6VCXsp4x++czBT4Q5XFkLRxsc="
    },
    "yallist": {
      "version": "3.1.1",
      "resolved": "https://registry.npm.taobao.org/yallist/download/yallist-3.1.1.tgz",
      "integrity": "sha1-27fa+b/YusmrRev2ArjLrQ1dCP0=",
      "dev": true
    },
    "zrender": {
      "version": "5.1.1",
      "resolved": "https://registry.nlark.com/zrender/download/zrender-5.1.1.tgz",
      "integrity": "sha1-BRX0+MwPR0LwKmuIGVUKbRPWTFw=",
      "requires": {
        "tslib": "2.0.3"
      }
    }
  }
}
